
Microsoft Visual Studio Solution File, Format Version 12.00
# Visual Studio 14
VisualStudioVersion = 14.0.25420.1
MinimumVisualStudioVersion = 10.0.40219.1
Project("{FAE04EC0-301F-11D3-BF4B-00C04F79EFBC}") = "LibrarySystem", "LibrarySystem\LibrarySystem.csproj", "{2275C9AA-0FE3-48A1-9C9F-0441091DE4BD}"
EndProject
Project("{2150E333-8FDC-42A3-9474-1A3956D46DE8}") = "UI", "UI", "{0CEAF2CB-283C-4BD0-8F80-86388803A938}"
EndProject
Project("{2150E333-8FDC-42A3-9474-1A3956D46DE8}") = "Core", "Core", "{6E48F7CE-71EC-4EC3-8D91-76C88FE4AA21}"
EndProject
Project("{2150E333-8FDC-42A3-9474-1A3956D46DE8}") = "Library", "Library", "{CA736F42-E419-410D-9CAE-B1948FBA5950}"
EndProject
Project("{FAE04EC0-301F-11D3-BF4B-00C04F79EFBC}") = "LibrarySystem.Core", "LibrarySystem.Core\LibrarySystem.Core.csproj", "{AE4BDEF3-310C-4CF9-9801-BD54917C7C25}"
EndProject
Project("{FAE04EC0-301F-11D3-BF4B-00C04F79EFBC}") = "LibrarySystem.Data", "LibrarySystem.Data\LibrarySystem.Data.csproj", "{85C397C4-EB22-4D94-A330-3797ADBF7D8E}"
EndProject
Project("{FAE04EC0-301F-11D3-BF4B-00C04F79EFBC}") = "LibrarySystem.Domain", "LibrarySystem.Domain\LibrarySystem.Domain.csproj", "{2E886FA0-9939-44BD-B9E3-19F1C29EF69B}"
EndProject
Project("{FAE04EC0-301F-11D3-BF4B-00C04F79EFBC}") = "LibrarySystem.Business", "LibrarySystem.Business\LibrarySystem.Business.csproj", "{0447C33D-44D3-4F23-A106-91FAB26CDE64}"
EndProject
Project("{FAE04EC0-301F-11D3-BF4B-00C04F79EFBC}") = "LibrarySystem.IService", "LibrarySystem.IService\LibrarySystem.IService.csproj", "{22E243DB-F244-4856-8776-032941F910DE}"
EndProject
Project("{FAE04EC0-301F-11D3-BF4B-00C04F79EFBC}") = "LibrarySystem.Service", "LibrarySystem.Service\LibrarySystem.Service.csproj", "{16C2DB5D-9663-498A-8FA4-F23857F413CB}"
EndProject
Project("{FAE04EC0-301F-11D3-BF4B-00C04F79EFBC}") = "ConsoleApplication1", "ConsoleApplication1\ConsoleApplication1.csproj", "{5573204B-63D7-42F2-8D83-11623DE29D40}"
EndProject
Project("{2150E333-8FDC-42A3-9474-1A3956D46DE8}") = "BLL", "BLL", "{2A1ED8E6-3B7C-4F9C-9480-E06A438F17B3}"
EndProject
Project("{2150E333-8FDC-42A3-9474-1A3956D46DE8}") = "DAL", "DAL", "{DE60733B-6023-4A5E-8627-2D2DB318A67F}"
EndProject
Global
	GlobalSection(SolutionConfigurationPlatforms) = preSolution
		Debug|Any CPU = Debug|Any CPU
		Develop|Any CPU = Develop|Any CPU
		Release|Any CPU = Release|Any CPU
		Release-Test|Any CPU = Release-Test|Any CPU
	EndGlobalSection
	GlobalSection(ProjectConfigurationPlatforms) = postSolution
		{2275C9AA-0FE3-48A1-9C9F-0441091DE4BD}.Debug|Any CPU.ActiveCfg = Debug|Any CPU
		{2275C9AA-0FE3-48A1-9C9F-0441091DE4BD}.Debug|Any CPU.Build.0 = Debug|Any CPU
		{2275C9AA-0FE3-48A1-9C9F-0441091DE4BD}.Develop|Any CPU.ActiveCfg = Debug|Any CPU
		{2275C9AA-0FE3-48A1-9C9F-0441091DE4BD}.Develop|Any CPU.Build.0 = Debug|Any CPU
		{2275C9AA-0FE3-48A1-9C9F-0441091DE4BD}.Release|Any CPU.ActiveCfg = Release|Any CPU
		{2275C9AA-0FE3-48A1-9C9F-0441091DE4BD}.Release|Any CPU.Build.0 = Release|Any CPU
		{2275C9AA-0FE3-48A1-9C9F-0441091DE4BD}.Release-Test|Any CPU.ActiveCfg = Release|Any CPU
		{2275C9AA-0FE3-48A1-9C9F-0441091DE4BD}.Release-Test|Any CPU.Build.0 = Release|Any CPU
		{AE4BDEF3-310C-4CF9-9801-BD54917C7C25}.Debug|Any CPU.ActiveCfg = Debug|Any CPU
		{AE4BDEF3-310C-4CF9-9801-BD54917C7C25}.Debug|Any CPU.Build.0 = Debug|Any CPU
		{AE4BDEF3-310C-4CF9-9801-BD54917C7C25}.Develop|Any CPU.ActiveCfg = Debug|Any CPU
		{AE4BDEF3-310C-4CF9-9801-BD54917C7C25}.Develop|Any CPU.Build.0 = Debug|Any CPU
		{AE4BDEF3-310C-4CF9-9801-BD54917C7C25}.Release|Any CPU.ActiveCfg = Release|Any CPU
		{AE4BDEF3-310C-4CF9-9801-BD54917C7C25}.Release|Any CPU.Build.0 = Release|Any CPU
		{AE4BDEF3-310C-4CF9-9801-BD54917C7C25}.Release-Test|Any CPU.ActiveCfg = Release|Any CPU
		{AE4BDEF3-310C-4CF9-9801-BD54917C7C25}.Release-Test|Any CPU.Build.0 = Release|Any CPU
		{85C397C4-EB22-4D94-A330-3797ADBF7D8E}.Debug|Any CPU.ActiveCfg = Debug|Any CPU
		{85C397C4-EB22-4D94-A330-3797ADBF7D8E}.Debug|Any CPU.Build.0 = Debug|Any CPU
		{85C397C4-EB22-4D94-A330-3797ADBF7D8E}.Develop|Any CPU.ActiveCfg = Debug|Any CPU
		{85C397C4-EB22-4D94-A330-3797ADBF7D8E}.Develop|Any CPU.Build.0 = Debug|Any CPU
		{85C397C4-EB22-4D94-A330-3797ADBF7D8E}.Release|Any CPU.ActiveCfg = Release|Any CPU
		{85C397C4-EB22-4D94-A330-3797ADBF7D8E}.Release|Any CPU.Build.0 = Release|Any CPU
		{85C397C4-EB22-4D94-A330-3797ADBF7D8E}.Release-Test|Any CPU.ActiveCfg = Release|Any CPU
		{85C397C4-EB22-4D94-A330-3797ADBF7D8E}.Release-Test|Any CPU.Build.0 = Release|Any CPU
		{2E886FA0-9939-44BD-B9E3-19F1C29EF69B}.Debug|Any CPU.ActiveCfg = Debug|Any CPU
		{2E886FA0-9939-44BD-B9E3-19F1C29EF69B}.Debug|Any CPU.Build.0 = Debug|Any CPU
		{2E886FA0-9939-44BD-B9E3-19F1C29EF69B}.Develop|Any CPU.ActiveCfg = Debug|Any CPU
		{2E886FA0-9939-44BD-B9E3-19F1C29EF69B}.Develop|Any CPU.Build.0 = Debug|Any CPU
		{2E886FA0-9939-44BD-B9E3-19F1C29EF69B}.Release|Any CPU.ActiveCfg = Release|Any CPU
		{2E886FA0-9939-44BD-B9E3-19F1C29EF69B}.Release|Any CPU.Build.0 = Release|Any CPU
		{2E886FA0-9939-44BD-B9E3-19F1C29EF69B}.Release-Test|Any CPU.ActiveCfg = Release|Any CPU
		{2E886FA0-9939-44BD-B9E3-19F1C29EF69B}.Release-Test|Any CPU.Build.0 = Release|Any CPU
		{0447C33D-44D3-4F23-A106-91FAB26CDE64}.Debug|Any CPU.ActiveCfg = Debug|Any CPU
		{0447C33D-44D3-4F23-A106-91FAB26CDE64}.Debug|Any CPU.Build.0 = Debug|Any CPU
		{0447C33D-44D3-4F23-A106-91FAB26CDE64}.Develop|Any CPU.ActiveCfg = Debug|Any CPU
		{0447C33D-44D3-4F23-A106-91FAB26CDE64}.Develop|Any CPU.Build.0 = Debug|Any CPU
		{0447C33D-44D3-4F23-A106-91FAB26CDE64}.Release|Any CPU.ActiveCfg = Release|Any CPU
		{0447C33D-44D3-4F23-A106-91FAB26CDE64}.Release|Any CPU.Build.0 = Release|Any CPU
		{0447C33D-44D3-4F23-A106-91FAB26CDE64}.Release-Test|Any CPU.ActiveCfg = Release|Any CPU
		{0447C33D-44D3-4F23-A106-91FAB26CDE64}.Release-Test|Any CPU.Build.0 = Release|Any CPU
		{22E243DB-F244-4856-8776-032941F910DE}.Debug|Any CPU.ActiveCfg = Debug|Any CPU
		{22E243DB-F244-4856-8776-032941F910DE}.Debug|Any CPU.Build.0 = Debug|Any CPU
		{22E243DB-F244-4856-8776-032941F910DE}.Develop|Any CPU.ActiveCfg = Debug|Any CPU
		{22E243DB-F244-4856-8776-032941F910DE}.Develop|Any CPU.Build.0 = Debug|Any CPU
		{22E243DB-F244-4856-8776-032941F910DE}.Release|Any CPU.ActiveCfg = Release|Any CPU
		{22E243DB-F244-4856-8776-032941F910DE}.Release|Any CPU.Build.0 = Release|Any CPU
		{22E243DB-F244-4856-8776-032941F910DE}.Release-Test|Any CPU.ActiveCfg = Release|Any CPU
		{22E243DB-F244-4856-8776-032941F910DE}.Release-Test|Any CPU.Build.0 = Release|Any CPU
		{16C2DB5D-9663-498A-8FA4-F23857F413CB}.Debug|Any CPU.ActiveCfg = Debug|Any CPU
		{16C2DB5D-9663-498A-8FA4-F23857F413CB}.Debug|Any CPU.Build.0 = Debug|Any CPU
		{16C2DB5D-9663-498A-8FA4-F23857F413CB}.Develop|Any CPU.ActiveCfg = Debug|Any CPU
		{16C2DB5D-9663-498A-8FA4-F23857F413CB}.Develop|Any CPU.Build.0 = Debug|Any CPU
		{16C2DB5D-9663-498A-8FA4-F23857F413CB}.Release|Any CPU.ActiveCfg = Release|Any CPU
		{16C2DB5D-9663-498A-8FA4-F23857F413CB}.Release|Any CPU.Build.0 = Release|Any CPU
		{16C2DB5D-9663-498A-8FA4-F23857F413CB}.Release-Test|Any CPU.ActiveCfg = Release|Any CPU
		{16C2DB5D-9663-498A-8FA4-F23857F413CB}.Release-Test|Any CPU.Build.0 = Release|Any CPU
		{5573204B-63D7-42F2-8D83-11623DE29D40}.Debug|Any CPU.ActiveCfg = Debug|Any CPU
		{5573204B-63D7-42F2-8D83-11623DE29D40}.Debug|Any CPU.Build.0 = Debug|Any CPU
		{5573204B-63D7-42F2-8D83-11623DE29D40}.Develop|Any CPU.ActiveCfg = Debug|Any CPU
		{5573204B-63D7-42F2-8D83-11623DE29D40}.Develop|Any CPU.Build.0 = Debug|Any CPU
		{5573204B-63D7-42F2-8D83-11623DE29D40}.Release|Any CPU.ActiveCfg = Release|Any CPU
		{5573204B-63D7-42F2-8D83-11623DE29D40}.Release|Any CPU.Build.0 = Release|Any CPU
		{5573204B-63D7-42F2-8D83-11623DE29D40}.Release-Test|Any CPU.ActiveCfg = Release|Any CPU
		{5573204B-63D7-42F2-8D83-11623DE29D40}.Release-Test|Any CPU.Build.0 = Release|Any CPU
	EndGlobalSection
	GlobalSection(SolutionProperties) = preSolution
		HideSolutionNode = FALSE
	EndGlobalSection
	GlobalSection(NestedProjects) = preSolution
		{2275C9AA-0FE3-48A1-9C9F-0441091DE4BD} = {0CEAF2CB-283C-4BD0-8F80-86388803A938}
		{AE4BDEF3-310C-4CF9-9801-BD54917C7C25} = {6E48F7CE-71EC-4EC3-8D91-76C88FE4AA21}
		{85C397C4-EB22-4D94-A330-3797ADBF7D8E} = {6E48F7CE-71EC-4EC3-8D91-76C88FE4AA21}
		{2E886FA0-9939-44BD-B9E3-19F1C29EF69B} = {6E48F7CE-71EC-4EC3-8D91-76C88FE4AA21}
		{0447C33D-44D3-4F23-A106-91FAB26CDE64} = {DE60733B-6023-4A5E-8627-2D2DB318A67F}
		{22E243DB-F244-4856-8776-032941F910DE} = {2A1ED8E6-3B7C-4F9C-9480-E06A438F17B3}
		{16C2DB5D-9663-498A-8FA4-F23857F413CB} = {2A1ED8E6-3B7C-4F9C-9480-E06A438F17B3}
	EndGlobalSection
EndGlobal
